// !$*UTF8*$!
{
	archiveVersion = 1;
	classes = {
	};
	objectVersion = 46;
	objects = {

/* Begin PBXBuildFile section */
		8A0A6B101C8837DB00EC18E8 /* Assets.xcassets in Resources */ = {isa = PBXBuildFile; fileRef = 8A0A6B0F1C8837DB00EC18E8 /* Assets.xcassets */; };
		8A49FA2D1C92BAE500DD53FB /* BSNavgationController.swift in Sources */ = {isa = PBXBuildFile; fileRef = 8A49FA2C1C92BAE500DD53FB /* BSNavgationController.swift */; settings = {ASSET_TAGS = (); }; };
		8A49FA2F1C92BF6B00DD53FB /* Extension.swift in Sources */ = {isa = PBXBuildFile; fileRef = 8A49FA2E1C92BF6B00DD53FB /* Extension.swift */; settings = {ASSET_TAGS = (); }; };
		8A49FA441C92C11800DD53FB /* BSEssenceViewController.swift in Sources */ = {isa = PBXBuildFile; fileRef = 8A49FA321C92C11800DD53FB /* BSEssenceViewController.swift */; settings = {ASSET_TAGS = (); }; };
		8A49FA451C92C11800DD53FB /* BSFriendTrendsViewController.swift in Sources */ = {isa = PBXBuildFile; fileRef = 8A49FA371C92C11800DD53FB /* BSFriendTrendsViewController.swift */; settings = {ASSET_TAGS = (); }; };
		8A49FA461C92C11800DD53FB /* BSMeViewController.swift in Sources */ = {isa = PBXBuildFile; fileRef = 8A49FA3C1C92C11800DD53FB /* BSMeViewController.swift */; settings = {ASSET_TAGS = (); }; };
		8A49FA471C92C11800DD53FB /* BSNewViewController.swift in Sources */ = {isa = PBXBuildFile; fileRef = 8A49FA411C92C11800DD53FB /* BSNewViewController.swift */; settings = {ASSET_TAGS = (); }; };
		8A8E268C1C9175E70090C2F7 /* BSTabBar.swift in Sources */ = {isa = PBXBuildFile; fileRef = 8A8E268A1C9175E70090C2F7 /* BSTabBar.swift */; settings = {ASSET_TAGS = (); }; };
		8A8E268D1C9175E70090C2F7 /* BSTabBarController.swift in Sources */ = {isa = PBXBuildFile; fileRef = 8A8E268B1C9175E70090C2F7 /* BSTabBarController.swift */; settings = {ASSET_TAGS = (); }; };
		8A8E26901C9175F70090C2F7 /* AppDelegate.swift in Sources */ = {isa = PBXBuildFile; fileRef = 8A8E268F1C9175F70090C2F7 /* AppDelegate.swift */; settings = {ASSET_TAGS = (); }; };
		8AE6385C1C9696D50096F24B /* BSRecommendViewController.swift in Sources */ = {isa = PBXBuildFile; fileRef = 8AE6385A1C9696D50096F24B /* BSRecommendViewController.swift */; settings = {ASSET_TAGS = (); }; };
		8AE6385D1C9696D50096F24B /* BSRecommendViewController.xib in Resources */ = {isa = PBXBuildFile; fileRef = 8AE6385B1C9696D50096F24B /* BSRecommendViewController.xib */; settings = {ASSET_TAGS = (); }; };
		8AEED22D1C966F6C00894A2E /* BSFriendTrendsViewController.xib in Resources */ = {isa = PBXBuildFile; fileRef = 8AEED22C1C966F6C00894A2E /* BSFriendTrendsViewController.xib */; settings = {ASSET_TAGS = (); }; };
		9459E7C328CA98D8D556C184 /* libPods.a in Frameworks */ = {isa = PBXBuildFile; fileRef = 51FB0119134FBEAB928F2E8E /* libPods.a */; };
/* End PBXBuildFile section */

/* Begin PBXFileReference section */
		13061085E1AFAD118FABBC2E /* Pods.debug.xcconfig */ = {isa = PBXFileReference; includeInIndex = 1; lastKnownFileType = text.xcconfig; name = Pods.debug.xcconfig; path = "Pods/Target Support Files/Pods/Pods.debug.xcconfig"; sourceTree = "<group>"; };
		28C334DD0142C568DD4B6060 /* Pods.release.xcconfig */ = {isa = PBXFileReference; includeInIndex = 1; lastKnownFileType = text.xcconfig; name = Pods.release.xcconfig; path = "Pods/Target Support Files/Pods/Pods.release.xcconfig"; sourceTree = "<group>"; };
		51FB0119134FBEAB928F2E8E /* libPods.a */ = {isa = PBXFileReference; explicitFileType = archive.ar; includeInIndex = 0; path = libPods.a; sourceTree = BUILT_PRODUCTS_DIR; };
		8A0A6B051C8837DB00EC18E8 /* BSBDJie.app */ = {isa = PBXFileReference; explicitFileType = wrapper.application; includeInIndex = 0; path = BSBDJie.app; sourceTree = BUILT_PRODUCTS_DIR; };
		8A0A6B0F1C8837DB00EC18E8 /* Assets.xcassets */ = {isa = PBXFileReference; lastKnownFileType = folder.assetcatalog; path = Assets.xcassets; sourceTree = "<group>"; };
		8A0A6B141C8837DB00EC18E8 /* Info.plist */ = {isa = PBXFileReference; lastKnownFileType = text.plist.xml; path = Info.plist; sourceTree = "<group>"; };
		8A49FA2C1C92BAE500DD53FB /* BSNavgationController.swift */ = {isa = PBXFileReference; fileEncoding = 4; lastKnownFileType = sourcecode.swift; path = BSNavgationController.swift; sourceTree = "<group>"; };
		8A49FA2E1C92BF6B00DD53FB /* Extension.swift */ = {isa = PBXFileReference; fileEncoding = 4; lastKnownFileType = sourcecode.swift; path = Extension.swift; sourceTree = "<group>"; };
		8A49FA321C92C11800DD53FB /* BSEssenceViewController.swift */ = {isa = PBXFileReference; fileEncoding = 4; lastKnownFileType = sourcecode.swift; path = BSEssenceViewController.swift; sourceTree = "<group>"; };
		8A49FA371C92C11800DD53FB /* BSFriendTrendsViewController.swift */ = {isa = PBXFileReference; fileEncoding = 4; lastKnownFileType = sourcecode.swift; path = BSFriendTrendsViewController.swift; sourceTree = "<group>"; };
		8A49FA3C1C92C11800DD53FB /* BSMeViewController.swift */ = {isa = PBXFileReference; fileEncoding = 4; lastKnownFileType = sourcecode.swift; path = BSMeViewController.swift; sourceTree = "<group>"; };
		8A49FA411C92C11800DD53FB /* BSNewViewController.swift */ = {isa = PBXFileReference; fileEncoding = 4; lastKnownFileType = sourcecode.swift; path = BSNewViewController.swift; sourceTree = "<group>"; };
		8A8E268A1C9175E70090C2F7 /* BSTabBar.swift */ = {isa = PBXFileReference; fileEncoding = 4; lastKnownFileType = sourcecode.swift; path = BSTabBar.swift; sourceTree = "<group>"; };
		8A8E268B1C9175E70090C2F7 /* BSTabBarController.swift */ = {isa = PBXFileReference; fileEncoding = 4; lastKnownFileType = sourcecode.swift; path = BSTabBarController.swift; sourceTree = "<group>"; };
		8A8E268F1C9175F70090C2F7 /* AppDelegate.swift */ = {isa = PBXFileReference; fileEncoding = 4; lastKnownFileType = sourcecode.swift; path = AppDelegate.swift; sourceTree = "<group>"; };
		8A911FF51C969ACB002EF90D /* BSBridge.h */ = {isa = PBXFileReference; lastKnownFileType = sourcecode.c.h; path = BSBridge.h; sourceTree = "<group>"; };
		8AE6385A1C9696D50096F24B /* BSRecommendViewController.swift */ = {isa = PBXFileReference; fileEncoding = 4; lastKnownFileType = sourcecode.swift; path = BSRecommendViewController.swift; sourceTree = "<group>"; };
		8AE6385B1C9696D50096F24B /* BSRecommendViewController.xib */ = {isa = PBXFileReference; fileEncoding = 4; lastKnownFileType = file.xib; path = BSRecommendViewController.xib; sourceTree = "<group>"; };
		8AEED22C1C966F6C00894A2E /* BSFriendTrendsViewController.xib */ = {isa = PBXFileReference; fileEncoding = 4; lastKnownFileType = file.xib; path = BSFriendTrendsViewController.xib; sourceTree = "<group>"; };
/* End PBXFileReference section */

/* Begin PBXFrameworksBuildPhase section */
		8A0A6B021C8837DB00EC18E8 /* Frameworks */ = {
			isa = PBXFrameworksBuildPhase;
			buildActionMask = 2147483647;
			files = (
				9459E7C328CA98D8D556C184 /* libPods.a in Frameworks */,
			);
			runOnlyForDeploymentPostprocessing = 0;
		};
/* End PBXFrameworksBuildPhase section */

/* Begin PBXGroup section */
		426E784D9ED8BA631B4EEEF5 /* Frameworks */ = {
			isa = PBXGroup;
			children = (
				51FB0119134FBEAB928F2E8E /* libPods.a */,
			);
			name = Frameworks;
			sourceTree = "<group>";
		};
		8814C7ED58201C57E8EB45FB /* Pods */ = {
			isa = PBXGroup;
			children = (
				13061085E1AFAD118FABBC2E /* Pods.debug.xcconfig */,
				28C334DD0142C568DD4B6060 /* Pods.release.xcconfig */,
			);
			name = Pods;
			sourceTree = "<group>";
		};
		8A0A6AFC1C8837DB00EC18E8 = {
			isa = PBXGroup;
			children = (
				8A0A6B071C8837DB00EC18E8 /* BSBDJie */,
				8A0A6B061C8837DB00EC18E8 /* Products */,
				8814C7ED58201C57E8EB45FB /* Pods */,
				426E784D9ED8BA631B4EEEF5 /* Frameworks */,
			);
			sourceTree = "<group>";
		};
		8A0A6B061C8837DB00EC18E8 /* Products */ = {
			isa = PBXGroup;
			children = (
				8A0A6B051C8837DB00EC18E8 /* BSBDJie.app */,
			);
			name = Products;
			sourceTree = "<group>";
		};
		8A0A6B071C8837DB00EC18E8 /* BSBDJie */ = {
			isa = PBXGroup;
			children = (
				8A8E268E1C9175F70090C2F7 /* Other */,
				8A8E26801C9175C40090C2F7 /* BaseFunc */,
				8AB1E07B1C911F2E00F3C65E /* Module */,
				8A0A6B0F1C8837DB00EC18E8 /* Assets.xcassets */,
				8A0A6B141C8837DB00EC18E8 /* Info.plist */,
			);
			path = BSBDJie;
			sourceTree = "<group>";
		};
		8A49FA301C92C11800DD53FB /* Essence */ = {
			isa = PBXGroup;
			children = (
				8A49FA311C92C11800DD53FB /* Controller */,
				8A49FA331C92C11800DD53FB /* Model */,
				8A49FA341C92C11800DD53FB /* View */,
			);
			path = Essence;
			sourceTree = "<group>";
		};
		8A49FA311C92C11800DD53FB /* Controller */ = {
			isa = PBXGroup;
			children = (
				8A49FA321C92C11800DD53FB /* BSEssenceViewController.swift */,
			);
			path = Controller;
			sourceTree = "<group>";
		};
		8A49FA331C92C11800DD53FB /* Model */ = {
			isa = PBXGroup;
			children = (
			);
			path = Model;
			sourceTree = "<group>";
		};
		8A49FA341C92C11800DD53FB /* View */ = {
			isa = PBXGroup;
			children = (
			);
			path = View;
			sourceTree = "<group>";
		};
		8A49FA351C92C11800DD53FB /* FriendsTrends */ = {
			isa = PBXGroup;
			children = (
				8A49FA361C92C11800DD53FB /* Controller */,
				8A49FA381C92C11800DD53FB /* Model */,
				8A49FA391C92C11800DD53FB /* View */,
			);
			path = FriendsTrends;
			sourceTree = "<group>";
		};
		8A49FA361C92C11800DD53FB /* Controller */ = {
			isa = PBXGroup;
			children = (
				8A49FA371C92C11800DD53FB /* BSFriendTrendsViewController.swift */,
				8AEED22C1C966F6C00894A2E /* BSFriendTrendsViewController.xib */,
				8AE6385A1C9696D50096F24B /* BSRecommendViewController.swift */,
				8AE6385B1C9696D50096F24B /* BSRecommendViewController.xib */,
			);
			path = Controller;
			sourceTree = "<group>";
		};
		8A49FA381C92C11800DD53FB /* Model */ = {
			isa = PBXGroup;
			children = (
			);
			path = Model;
			sourceTree = "<group>";
		};
		8A49FA391C92C11800DD53FB /* View */ = {
			isa = PBXGroup;
			children = (
			);
			path = View;
			sourceTree = "<group>";
		};
		8A49FA3A1C92C11800DD53FB /* Me */ = {
			isa = PBXGroup;
			children = (
				8A49FA3B1C92C11800DD53FB /* Controller */,
				8A49FA3D1C92C11800DD53FB /* Model */,
				8A49FA3E1C92C11800DD53FB /* View */,
			);
			path = Me;
			sourceTree = "<group>";
		};
		8A49FA3B1C92C11800DD53FB /* Controller */ = {
			isa = PBXGroup;
			children = (
				8A49FA3C1C92C11800DD53FB /* BSMeViewController.swift */,
			);
			path = Controller;
			sourceTree = "<group>";
		};
		8A49FA3D1C92C11800DD53FB /* Model */ = {
			isa = PBXGroup;
			children = (
			);
			path = Model;
			sourceTree = "<group>";
		};
		8A49FA3E1C92C11800DD53FB /* View */ = {
			isa = PBXGroup;
			children = (
			);
			path = View;
			sourceTree = "<group>";
		};
		8A49FA3F1C92C11800DD53FB /* New */ = {
			isa = PBXGroup;
			children = (
				8A49FA401C92C11800DD53FB /* Controller */,
				8A49FA421C92C11800DD53FB /* Model */,
				8A49FA431C92C11800DD53FB /* View */,
			);
			path = New;
			sourceTree = "<group>";
		};
		8A49FA401C92C11800DD53FB /* Controller */ = {
			isa = PBXGroup;
			children = (
				8A49FA411C92C11800DD53FB /* BSNewViewController.swift */,
			);
			path = Controller;
			sourceTree = "<group>";
		};
		8A49FA421C92C11800DD53FB /* Model */ = {
			isa = PBXGroup;
			children = (
			);
			path = Model;
			sourceTree = "<group>";
		};
		8A49FA431C92C11800DD53FB /* View */ = {
			isa = PBXGroup;
			children = (
			);
			path = View;
			sourceTree = "<group>";
		};
		8A8E26801C9175C40090C2F7 /* BaseFunc */ = {
			isa = PBXGroup;
			children = (
				8A8E268A1C9175E70090C2F7 /* BSTabBar.swift */,
				8A8E268B1C9175E70090C2F7 /* BSTabBarController.swift */,
				8A49FA2C1C92BAE500DD53FB /* BSNavgationController.swift */,
			);
			path = BaseFunc;
			sourceTree = "<group>";
		};
		8A8E268E1C9175F70090C2F7 /* Other */ = {
			isa = PBXGroup;
			children = (
				8A8E268F1C9175F70090C2F7 /* AppDelegate.swift */,
				8A49FA2E1C92BF6B00DD53FB /* Extension.swift */,
				8A911FF51C969ACB002EF90D /* BSBridge.h */,
			);
			path = Other;
			sourceTree = "<group>";
		};
		8AB1E07B1C911F2E00F3C65E /* Module */ = {
			isa = PBXGroup;
			children = (
				8A49FA301C92C11800DD53FB /* Essence */,
				8A49FA351C92C11800DD53FB /* FriendsTrends */,
				8A49FA3A1C92C11800DD53FB /* Me */,
				8A49FA3F1C92C11800DD53FB /* New */,
			);
			path = Module;
			sourceTree = "<group>";
		};
/* End PBXGroup section */

/* Begin PBXNativeTarget section */
		8A0A6B041C8837DB00EC18E8 /* BSBDJie */ = {
			isa = PBXNativeTarget;
			buildConfigurationList = 8A0A6B171C8837DB00EC18E8 /* Build configuration list for PBXNativeTarget "BSBDJie" */;
			buildPhases = (
				E055B838F31A4C0C063AA640 /* Check Pods Manifest.lock */,
				8A0A6B011C8837DB00EC18E8 /* Sources */,
				8A0A6B021C8837DB00EC18E8 /* Frameworks */,
				8A0A6B031C8837DB00EC18E8 /* Resources */,
				C0F4DC4C8D2DA9FD88BCC3B1 /* Embed Pods Frameworks */,
				2A77A2F3627B53E38D19444B /* Copy Pods Resources */,
			);
			buildRules = (
			);
			dependencies = (
			);
			name = BSBDJie;
			productName = BSBDJie;
			productReference = 8A0A6B051C8837DB00EC18E8 /* BSBDJie.app */;
			productType = "com.apple.product-type.application";
		};
/* End PBXNativeTarget section */

/* Begin PBXProject section */
		8A0A6AFD1C8837DB00EC18E8 /* Project object */ = {
			isa = PBXProject;
			attributes = {
				CLASSPREFIX = BS;
				LastUpgradeCheck = 0700;
				ORGANIZATIONNAME = shengguoqiang;
				TargetAttributes = {
					8A0A6B041C8837DB00EC18E8 = {
						CreatedOnToolsVersion = 7.0;
						DevelopmentTeam = 2W8M432XCU;
					};
				};
			};
			buildConfigurationList = 8A0A6B001C8837DB00EC18E8 /* Build configuration list for PBXProject "BSBDJie" */;
			compatibilityVersion = "Xcode 3.2";
			developmentRegion = English;
			hasScannedForEncodings = 0;
			knownRegions = (
				en,
				Base,
			);
			mainGroup = 8A0A6AFC1C8837DB00EC18E8;
			productRefGroup = 8A0A6B061C8837DB00EC18E8 /* Products */;
			projectDirPath = "";
			projectRoot = "";
			targets = (
				8A0A6B041C8837DB00EC18E8 /* BSBDJie */,
			);
		};
/* End PBXProject section */

/* Begin PBXResourcesBuildPhase section */
		8A0A6B031C8837DB00EC18E8 /* Resources */ = {
			isa = PBXResourcesBuildPhase;
			buildActionMask = 2147483647;
			files = (
				8AEED22D1C966F6C00894A2E /* BSFriendTrendsViewController.xib in Resources */,
				8AE6385D1C9696D50096F24B /* BSRecommendViewController.xib in Resources */,
				8A0A6B101C8837DB00EC18E8 /* Assets.xcassets in Resources */,
			);
			runOnlyForDeploymentPostprocessing = 0;
		};
/* End PBXResourcesBuildPhase section */

/* Begin PBXShellScriptBuildPhase section */
		2A77A2F3627B53E38D19444B /* Copy Pods Resources */ = {
			isa = PBXShellScriptBuildPhase;
			buildActionMask = 2147483647;
			files = (
			);
			inputPaths = (
			);
			name = "Copy Pods Resources";
			outputPaths = (
			);
			runOnlyForDeploymentPostprocessing = 0;
			shellPath = /bin/sh;
			shellScript = "\"${SRCROOT}/Pods/Target Support Files/Pods/Pods-resources.sh\"\n";
			showEnvVarsInLog = 0;
		};
		C0F4DC4C8D2DA9FD88BCC3B1 /* Embed Pods Frameworks */ = {
			isa = PBXShellScriptBuildPhase;
			buildActionMask = 2147483647;
			files = (
			);
			inputPaths = (
			);
			name = "Embed Pods Frameworks";
			outputPaths = (
			);
			runOnlyForDeploymentPostprocessing = 0;
			shellPath = /bin/sh;
			shellScript = "\"${SRCROOT}/Pods/Target Support Files/Pods/Pods-frameworks.sh\"\n";
			showEnvVarsInLog = 0;
		};
		E055B838F31A4C0C063AA640 /* Check Pods Manifest.lock */ = {
			isa = PBXShellScriptBuildPhase;
			buildActionMask = 2147483647;
			files = (
			);
			inputPaths = (
			);
			name = "Check Pods Manifest.lock";
			outputPaths = (
			);
			runOnlyForDeploymentPostprocessing = 0;
			shellPath = /bin/sh;
			shellScript = "diff \"${PODS_ROOT}/../Podfile.lock\" \"${PODS_ROOT}/Manifest.lock\" > /dev/null\nif [[ $? != 0 ]] ; then\n    cat << EOM\nerror: The sandbox is not in sync with the Podfile.lock. Run 'pod install' or update your CocoaPods installation.\nEOM\n    exit 1\nfi\n";
			showEnvVarsInLog = 0;
		};
/* End PBXShellScriptBuildPhase section */

/* Begin PBXSourcesBuildPhase section */
		8A0A6B011C8837DB00EC18E8 /* Sources */ = {
			isa = PBXSourcesBuildPhase;
			buildActionMask = 2147483647;
			files = (
				8A49FA2F1C92BF6B00DD53FB /* Extension.swift in Sources */,
				8A49FA451C92C11800DD53FB /* BSFriendTrendsViewController.swift in Sources */,
				8A8E26901C9175F70090C2F7 /* AppDelegate.swift in Sources */,
				8A49FA471C92C11800DD53FB /* BSNewViewController.swift in Sources */,
				8AE6385C1C9696D50096F24B /* BSRecommendViewController.swift in Sources */,
				8A8E268D1C9175E70090C2F7 /* BSTabBarController.swift in Sources */,
				8A49FA461C92C11800DD53FB /* BSMeViewController.swift in Sources */,
				8A49FA441C92C11800DD53FB /* BSEssenceViewController.swift in Sources */,
				8A49FA2D1C92BAE500DD53FB /* BSNavgationController.swift in Sources */,
				8A8E268C1C9175E70090C2F7 /* BSTabBar.swift in Sources */,
			);
			runOnlyForDeploymentPostprocessing = 0;
		};
/* End PBXSourcesBuildPhase section */

/* Begin XCBuildConfiguration section */
		8A0A6B151C8837DB00EC18E8 /* Debug */ = {
			isa = XCBuildConfiguration;
			buildSettings = {
				ALWAYS_SEARCH_USER_PATHS = NO;
				CLANG_CXX_LANGUAGE_STANDARD = "gnu++0x";
				CLANG_CXX_LIBRARY = "libc++";
				CLANG_ENABLE_MODULES = YES;
				CLANG_ENABLE_OBJC_ARC = YES;
				CLANG_WARN_BOOL_CONVERSION = YES;
				CLANG_WARN_CONSTANT_CONVERSION = YES;
				CLANG_WARN_DIRECT_OBJC_ISA_USAGE = YES_ERROR;
				CLANG_WARN_EMPTY_BODY = YES;
				CLANG_WARN_ENUM_CONVERSION = YES;
				CLANG_WARN_INT_CONVERSION = YES;
				CLANG_WARN_OBJC_ROOT_CLASS = YES_ERROR;
				CLANG_WARN_UNREACHABLE_CODE = YES;
				CLANG_WARN__DUPLICATE_METHOD_MATCH = YES;
				"CODE_SIGN_IDENTITY[sdk=iphoneos*]" = "iPhone Developer";
				COPY_PHASE_STRIP = NO;
				DEBUG_INFORMATION_FORMAT = dwarf;
				ENABLE_STRICT_OBJC_MSGSEND = YES;
				ENABLE_TESTABILITY = YES;
				GCC_C_LANGUAGE_STANDARD = gnu99;
				GCC_DYNAMIC_NO_PIC = NO;
				GCC_NO_COMMON_BLOCKS = YES;
				GCC_OPTIMIZATION_LEVEL = 0;
				GCC_PREPROCESSOR_DEFINITIONS = (
					"DEBUG=1",
					"$(inherited)",
				);
				GCC_WARN_64_TO_32_BIT_CONVERSION = YES;
				GCC_WARN_ABOUT_RETURN_TYPE = YES_ERROR;
				GCC_WARN_UNDECLARED_SELECTOR = YES;
				GCC_WARN_UNINITIALIZED_AUTOS = YES_AGGRESSIVE;
				GCC_WARN_UNUSED_FUNCTION = YES;
				GCC_WARN_UNUSED_VARIABLE = YES;
				IPHONEOS_DEPLOYMENT_TARGET = 7.0;
				MTL_ENABLE_DEBUG_INFO = YES;
				ONLY_ACTIVE_ARCH = YES;
				SDKROOT = iphoneos;
				SWIFT_OPTIMIZATION_LEVEL = "-Onone";
				TARGETED_DEVICE_FAMILY = "1,2";
			};
			name = Debug;
		};
		8A0A6B161C8837DB00EC18E8 /* Release */ = {
			isa = XCBuildConfiguration;
			buildSettings = {
				ALWAYS_SEARCH_USER_PATHS = NO;
				CLANG_CXX_LANGUAGE_STANDARD = "gnu++0x";
				CLANG_CXX_LIBRARY = "libc++";
				CLANG_ENABLE_MODULES = YES;
				CLANG_ENABLE_OBJC_ARC = YES;
				CLANG_WARN_BOOL_CONVERSION = YES;
				CLANG_WARN_CONSTANT_CONVERSION = YES;
				CLANG_WARN_DIRECT_OBJC_ISA_USAGE = YES_ERROR;
				CLANG_WARN_EMPTY_BODY = YES;
				CLANG_WARN_ENUM_CONVERSION = YES;
				CLANG_WARN_INT_CONVERSION = YES;
				CLANG_WARN_OBJC_ROOT_CLASS = YES_ERROR;
				CLANG_WARN_UNREACHABLE_CODE = YES;
				CLANG_WARN__DUPLICATE_METHOD_MATCH = YES;
				"CODE_SIGN_IDENTITY[sdk=iphoneos*]" = "iPhone Developer";
				COPY_PHASE_STRIP = NO;
				DEBUG_INFORMATION_FORMAT = "dwarf-with-dsym";
				ENABLE_NS_ASSERTIONS = NO;
				ENABLE_STRICT_OBJC_MSGSEND = YES;
				GCC_C_LANGUAGE_STANDARD = gnu99;
				GCC_NO_COMMON_BLOCKS = YES;
				GCC_WARN_64_TO_32_BIT_CONVERSION = YES;
				GCC_WARN_ABOUT_RETURN_TYPE = YES_ERROR;
				GCC_WARN_UNDECLARED_SELECTOR = YES;
				GCC_WARN_UNINITIALIZED_AUTOS = YES_AGGRESSIVE;
				GCC_WARN_UNUSED_FUNCTION = YES;
				GCC_WARN_UNUSED_VARIABLE = YES;
				IPHONEOS_DEPLOYMENT_TARGET = 7.0;
				MTL_ENABLE_DEBUG_INFO = NO;
				SDKROOT = iphoneos;
				TARGETED_DEVICE_FAMILY = "1,2";
				VALIDATE_PRODUCT = YES;
			};
			name = Release;
		};
		8A0A6B181C8837DB00EC18E8 /* Debug */ = {
			isa = XCBuildConfiguration;
			baseConfigurationReference = 13061085E1AFAD118FABBC2E /* Pods.debug.xcconfig */;
			buildSettings = {
				ASSETCATALOG_COMPILER_APPICON_NAME = AppIcon;
				ASSETCATALOG_COMPILER_LAUNCHIMAGE_NAME = BrandAsset;
				GCC_PREFIX_HEADER = "";
				INFOPLIST_FILE = BSBDJie/Info.plist;
				IPHONEOS_DEPLOYMENT_TARGET = 7.0;
				LD_RUNPATH_SEARCH_PATHS = "$(inherited) @executable_path/Frameworks";
				PRODUCT_BUNDLE_IDENTIFIER = com.ftd.sl.BSBDJie;
				PRODUCT_NAME = "$(TARGET_NAME)";
				SWIFT_OBJC_BRIDGING_HEADER = "/Users/shengguoqiang/Documents/GitHub/BSBDJie-Swift/BSBDJie/BSBDJie/Other/BSBridge.h";
				TARGETED_DEVICE_FAMILY = 1;
			};
			name = Debug;
		};
		8A0A6B191C8837DB00EC18E8 /* Release */ = {
			isa = XCBuildConfiguration;
			baseConfigurationReference = 28C334DD0142C568DD4B6060 /* Pods.release.xcconfig */;
			buildSettings = {
				ASSETCATALOG_COMPILER_APPICON_NAME = AppIcon;
				ASSETCATALOG_COMPILER_LAUNCHIMAGE_NAME = BrandAsset;
				GCC_PREFIX_HEADER = "";
				INFOPLIST_FILE = BSBDJie/Info.plist;
				IPHONEOS_DEPLOYMENT_TARGET = 7.0;
				LD_RUNPATH_SEARCH_PATHS = "$(inherited) @executable_path/Frameworks";
				PRODUCT_BUNDLE_IDENTIFIER = com.ftd.sl.BSBDJie;
				PRODUCT_NAME = "$(TARGET_NAME)";
				SWIFT_OBJC_BRIDGING_HEADER = "/Users/shengguoqiang/Documents/GitHub/BSBDJie-Swift/BSBDJie/BSBDJie/Other/BSBridge.h";
				TARGETED_DEVICE_FAMILY = 1;
			};
			name = Release;
		};
/* End XCBuildConfiguration section */

/* Begin XCConfigurationList section */
		8A0A6B001C8837DB00EC18E8 /* Build configuration list for PBXProject "BSBDJie" */ = {
			isa = XCConfigurationList;
			buildConfigurations = (
				8A0A6B151C8837DB00EC18E8 /* Debug */,
				8A0A6B161C8837DB00EC18E8 /* Release */,
			);
			defaultConfigurationIsVisible = 0;
			defaultConfigurationName = Release;
		};
		8A0A6B171C8837DB00EC18E8 /* Build configuration list for PBXNativeTarget "BSBDJie" */ = {
			isa = XCConfigurationList;
			buildConfigurations = (
				8A0A6B181C8837DB00EC18E8 /* Debug */,
				8A0A6B191C8837DB00EC18E8 /* Release */,
			);
			defaultConfigurationIsVisible = 0;
			defaultConfigurationName = Release;
		};
/* End XCConfigurationList section */
	};
	rootObject = 8A0A6AFD1C8837DB00EC18E8 /* Project object */;
}
